
Microsoft Visual Studio Solution File, Format Version 12.00
# Visual Studio Version 16
VisualStudioVersion = 16.0.31205.134
MinimumVisualStudioVersion = 10.0.40219.1
Project("{FAE04EC0-301F-11D3-BF4B-00C04F79EFBC}") = "LoginForm", "LoginForm\LoginForm.csproj", "{324B8839-BC26-41B2-9CAC-B73CC5703A72}"
EndProject
Project("{FAE04EC0-301F-11D3-BF4B-00C04F79EFBC}") = "BUS_QuanLy", "BUS_QuanLy\BUS_QuanLy.csproj", "{C9DE61F5-364D-469A-AB43-0297D1742C6A}"
EndProject
Project("{FAE04EC0-301F-11D3-BF4B-00C04F79EFBC}") = "DAL_QuanLy", "DAL_QuanLy\DAL_QuanLy.csproj", "{06E442C7-D6B4-462F-8E4B-E84A9769D60F}"
EndProject
Project("{FAE04EC0-301F-11D3-BF4B-00C04F79EFBC}") = "DTO_QuanLy", "DTO_QuanLy\DTO_QuanLy.csproj", "{080CE435-21C4-4CDE-BED0-BBBBDC11F68B}"
EndProject
Global
	GlobalSection(SolutionConfigurationPlatforms) = preSolution
		Debug|Any CPU = Debug|Any CPU
		Release|Any CPU = Release|Any CPU
	EndGlobalSection
	GlobalSection(ProjectConfigurationPlatforms) = postSolution
		{324B8839-BC26-41B2-9CAC-B73CC5703A72}.Debug|Any CPU.ActiveCfg = Debug|Any CPU
		{324B8839-BC26-41B2-9CAC-B73CC5703A72}.Debug|Any CPU.Build.0 = Debug|Any CPU
		{324B8839-BC26-41B2-9CAC-B73CC5703A72}.Release|Any CPU.ActiveCfg = Release|Any CPU
		{324B8839-BC26-41B2-9CAC-B73CC5703A72}.Release|Any CPU.Build.0 = Release|Any CPU
		{C9DE61F5-364D-469A-AB43-0297D1742C6A}.Debug|Any CPU.ActiveCfg = Debug|Any CPU
		{C9DE61F5-364D-469A-AB43-0297D1742C6A}.Debug|Any CPU.Build.0 = Debug|Any CPU
		{C9DE61F5-364D-469A-AB43-0297D1742C6A}.Release|Any CPU.ActiveCfg = Release|Any CPU
		{C9DE61F5-364D-469A-AB43-0297D1742C6A}.Release|Any CPU.Build.0 = Release|Any CPU
		{06E442C7-D6B4-462F-8E4B-E84A9769D60F}.Debug|Any CPU.ActiveCfg = Debug|Any CPU
		{06E442C7-D6B4-462F-8E4B-E84A9769D60F}.Debug|Any CPU.Build.0 = Debug|Any CPU
		{06E442C7-D6B4-462F-8E4B-E84A9769D60F}.Release|Any CPU.ActiveCfg = Release|Any CPU
		{06E442C7-D6B4-462F-8E4B-E84A9769D60F}.Release|Any CPU.Build.0 = Release|Any CPU
		{080CE435-21C4-4CDE-BED0-BBBBDC11F68B}.Debug|Any CPU.ActiveCfg = Debug|Any CPU
		{080CE435-21C4-4CDE-BED0-BBBBDC11F68B}.Debug|Any CPU.Build.0 = Debug|Any CPU
		{080CE435-21C4-4CDE-BED0-BBBBDC11F68B}.Release|Any CPU.ActiveCfg = Release|Any CPU
		{080CE435-21C4-4CDE-BED0-BBBBDC11F68B}.Release|Any CPU.Build.0 = Release|Any CPU
	EndGlobalSection
	GlobalSection(SolutionProperties) = preSolution
		HideSolutionNode = FALSE
	EndGlobalSection
	GlobalSection(ExtensibilityGlobals) = postSolution
		SolutionGuid = {B6E08E0F-C527-4350-A2CB-899276447E56}
	EndGlobalSection
EndGlobal
